{
  "name": "springboot_Vue (2)",
  "lockfileVersion": 2,
  "requires": true,
  "packages": {
    "": {
      "dependencies": {
        "echarts": "^5.2.2",
        "element-plus": "^1.2.0-beta.4",
        "moment": "^2.29.1"
      }
    },
    "node_modules/@element-plus/icons": {
      "version": "0.0.11",
      "resolved": "https://registry.npmmirror.com/@element-plus/icons/download/@element-plus/icons-0.0.11.tgz",
      "integrity": "sha512-iKQXSxXu131Ai+I9Ymtcof9WId7kaXvB1+WRfAfpQCW7UiAMYgdNDqb/u0hgTo2Yq3MwC4MWJnNuTBEpG8r7+A==",
      "deprecated": "Package no longer supported. Contact Support at https://www.npmjs.com/support for more info."
    },
    "node_modules/@popperjs/core": {
      "version": "2.11.0",
      "resolved": "https://registry.npmmirror.com/@popperjs/core/download/@popperjs/core-2.11.0.tgz",
      "integrity": "sha512-zrsUxjLOKAzdewIDRWy9nsV1GQsKBCWaGwsZQlCgr6/q+vjyZhFgqedLfFBuI9anTPEUT4APq9Mu0SZBTzIcGQ==",
      "funding": {
        "type": "opencollective",
        "url": "https://opencollective.com/popperjs"
      }
    },
    "node_modules/@vueuse/core": {
      "version": "7.1.2",
      "resolved": "https://registry.npmmirror.com/@vueuse/core/download/@vueuse/core-7.1.2.tgz",
      "integrity": "sha512-SLoOPfhZdNRNUkZfx+wrHj6WycWdSw2RmNS8E4ngQ2kmBoJjRarGy51/GkGdjqHQqmhuwuFoNO2WaU0yBn3ffg==",
      "dependencies": {
        "@vueuse/shared": "7.1.2",
        "vue-demi": "*"
      },
      "funding": {
        "url": "https://github.com/sponsors/antfu"
      },
      "peerDependencies": {
        "@vue/composition-api": "^1.1.0",
        "vue": "^2.6.0 || ^3.2.0"
      },
      "peerDependenciesMeta": {
        "@vue/composition-api": {
          "optional": true
        },
        "vue": {
          "optional": true
        }
      }
    },
    "node_modules/@vueuse/shared": {
      "version": "7.1.2",
      "resolved": "https://registry.npmmirror.com/@vueuse/shared/download/@vueuse/shared-7.1.2.tgz",
      "integrity": "sha512-AjYh4y9S5FMOoHDsysqcXY/1mpqNTrnWUD50yaaiyf+5kGWQVIpAkkjKZlYSC/NHKxxCRn0cLR4nWMzceUWewQ==",
      "dependencies": {
        "vue-demi": "*"
      },
      "funding": {
        "url": "https://github.com/sponsors/antfu"
      },
      "peerDependencies": {
        "@vue/composition-api": "^1.1.0",
        "vue": "^2.6.0 || ^3.2.0"
      },
      "peerDependenciesMeta": {
        "@vue/composition-api": {
          "optional": true
        },
        "vue": {
          "optional": true
        }
      }
    },
    "node_modules/@vueuse/shared/node_modules/vue-demi": {
      "version": "0.12.1",
      "resolved": "https://registry.npmmirror.com/vue-demi/download/vue-demi-0.12.1.tgz",
      "integrity": "sha512-QL3ny+wX8c6Xm1/EZylbgzdoDolye+VpCXRhI2hug9dJTP3OUJ3lmiKN3CsVV3mOJKwFi0nsstbgob0vG7aoIw==",
      "hasInstallScript": true,
      "bin": {
        "vue-demi-fix": "bin/vue-demi-fix.js",
        "vue-demi-switch": "bin/vue-demi-switch.js"
      },
      "engines": {
        "node": ">=12"
      },
      "funding": {
        "url": "https://github.com/sponsors/antfu"
      },
      "peerDependencies": {
        "@vue/composition-api": "^1.0.0-rc.1",
        "vue": "^3.0.0-0 || ^2.6.0"
      },
      "peerDependenciesMeta": {
        "@vue/composition-api": {
          "optional": true
        }
      }
    },
    "node_modules/async-validator": {
      "version": "4.0.7",
      "resolved": "https://registry.npmmirror.com/async-validator/download/async-validator-4.0.7.tgz?cache=0&sync_timestamp=1634529502627&other_urls=https%3A%2F%2Fregistry.npmmirror.com%2Fasync-validator%2Fdownload%2Fasync-validator-4.0.7.tgz",
      "integrity": "sha512-Pj2IR7u8hmUEDOwB++su6baaRi+QvsgajuFB9j95foM1N2gy5HM4z60hfusIO0fBPG5uLAEl6yCJr1jNSVugEQ=="
    },
    "node_modules/dayjs": {
      "version": "1.10.7",
      "resolved": "https://registry.npmmirror.com/dayjs/download/dayjs-1.10.7.tgz?cache=0&sync_timestamp=1632754559701&other_urls=https%3A%2F%2Fregistry.npmmirror.com%2Fdayjs%2Fdownload%2Fdayjs-1.10.7.tgz",
      "integrity": "sha512-P6twpd70BcPK34K26uJ1KT3wlhpuOAPoMwJzpsIWUxHZ7wpmbdZL/hQqBDfz7hGurYSa5PhzdhDHtt319hL3ig=="
    },
    "node_modules/echarts": {
      "version": "5.2.2",
      "resolved": "https://registry.npmjs.org/echarts/-/echarts-5.2.2.tgz",
      "integrity": "sha512-yxuBfeIH5c+0FsoRP60w4De6omXhA06c7eUYBsC1ykB6Ys2yK5fSteIYWvkJ4xJVLQgCvAdO8C4mN6MLeJpBaw==",
      "dependencies": {
        "tslib": "2.3.0",
        "zrender": "5.2.1"
      }
    },
    "node_modules/element-plus": {
      "version": "1.2.0-beta.4",
      "resolved": "https://registry.npmmirror.com/element-plus/download/element-plus-1.2.0-beta.4.tgz",
      "integrity": "sha512-wYOwa/Zop5xMqhqkS7jOd32FF0Y2IpquIu8JLMbmvwlWvRUVetE5RO5lvxiF6etZgq8urRVttisXnOzJ9YOItQ==",
      "dependencies": {
        "@element-plus/icons": "^0.0.11",
        "@popperjs/core": "^2.10.2",
        "@vueuse/core": "^7.0.0",
        "async-validator": "^4.0.7",
        "dayjs": "^1.10.7",
        "lodash": "^4.17.21",
        "memoize-one": "^6.0.0",
        "normalize-wheel-es": "^1.1.1"
      },
      "peerDependencies": {
        "vue": "^3.2.0"
      }
    },
    "node_modules/lodash": {
      "version": "4.17.21",
      "resolved": "https://registry.npmmirror.com/lodash/download/lodash-4.17.21.tgz",
      "integrity": "sha512-v2kDEe57lecTulaDIuNTPy3Ry4gLGJ6Z1O3vE1krgXZNrsQ+LFTGHVxVjcXPs17LhbZVGedAJv8XZ1tvj5FvSg=="
    },
    "node_modules/memoize-one": {
      "version": "6.0.0",
      "resolved": "https://registry.npmmirror.com/memoize-one/download/memoize-one-6.0.0.tgz?cache=0&sync_timestamp=1634697208428&other_urls=https%3A%2F%2Fregistry.npmmirror.com%2Fmemoize-one%2Fdownload%2Fmemoize-one-6.0.0.tgz",
      "integrity": "sha512-rkpe71W0N0c0Xz6QD0eJETuWAJGnJ9afsl1srmwPrI+yBCkge5EycXXbYRyvL29zZVUWQCY7InPRCv3GDXuZNw=="
    },
    "node_modules/moment": {
      "version": "2.29.1",
      "resolved": "https://registry.npmjs.org/moment/-/moment-2.29.1.tgz",
      "integrity": "sha512-kHmoybcPV8Sqy59DwNDY3Jefr64lK/by/da0ViFcuA4DH0vQg5Q6Ze5VimxkfQNSC+Mls/Kx53s7TjP1RhFEDQ==",
      "engines": {
        "node": "*"
      }
    },
    "node_modules/normalize-wheel-es": {
      "version": "1.1.1",
      "resolved": "https://registry.npmmirror.com/normalize-wheel-es/download/normalize-wheel-es-1.1.1.tgz",
      "integrity": "sha512-157VNH4CngrcsvF8xOVOe22cwniIR3nxSltdctvQeHZj8JttEeOXffK28jucWfWBXs0QNetAumjc1GiInnwX4w=="
    },
    "node_modules/tslib": {
      "version": "2.3.0",
      "resolved": "https://registry.npmjs.org/tslib/-/tslib-2.3.0.tgz",
      "integrity": "sha512-N82ooyxVNm6h1riLCoyS9e3fuJ3AMG2zIZs2Gd1ATcSFjSA23Q0fzjjZeh0jbJvWVDZ0cJT8yaNNaaXHzueNjg=="
    },
    "node_modules/vue-demi": {
      "version": "0.12.1",
      "resolved": "https://registry.npmmirror.com/vue-demi/download/vue-demi-0.12.1.tgz",
      "integrity": "sha512-QL3ny+wX8c6Xm1/EZylbgzdoDolye+VpCXRhI2hug9dJTP3OUJ3lmiKN3CsVV3mOJKwFi0nsstbgob0vG7aoIw==",
      "hasInstallScript": true,
      "bin": {
        "vue-demi-fix": "bin/vue-demi-fix.js",
        "vue-demi-switch": "bin/vue-demi-switch.js"
      },
      "engines": {
        "node": ">=12"
      },
      "funding": {
        "url": "https://github.com/sponsors/antfu"
      },
      "peerDependencies": {
        "@vue/composition-api": "^1.0.0-rc.1",
        "vue": "^3.0.0-0 || ^2.6.0"
      },
      "peerDependenciesMeta": {
        "@vue/composition-api": {
          "optional": true
        }
      }
    },
    "node_modules/zrender": {
      "version": "5.2.1",
      "resolved": "https://registry.npmjs.org/zrender/-/zrender-5.2.1.tgz",
      "integrity": "sha512-M3bPGZuyLTNBC6LiNKXJwSCtglMp8XUEqEBG+2MdICDI3d1s500Y4P0CzldQGsqpRVB7fkvf3BKQQRxsEaTlsw==",
      "dependencies": {
        "tslib": "2.3.0"
      }
    }
  },
  "dependencies": {
    "@element-plus/icons": {
      "version": "0.0.11",
      "resolved": "https://registry.npmmirror.com/@element-plus/icons/download/@element-plus/icons-0.0.11.tgz",
      "integrity": "sha512-iKQXSxXu131Ai+I9Ymtcof9WId7kaXvB1+WRfAfpQCW7UiAMYgdNDqb/u0hgTo2Yq3MwC4MWJnNuTBEpG8r7+A=="
    },
    "@popperjs/core": {
      "version": "2.11.0",
      "resolved": "https://registry.npmmirror.com/@popperjs/core/download/@popperjs/core-2.11.0.tgz",
      "integrity": "sha512-zrsUxjLOKAzdewIDRWy9nsV1GQsKBCWaGwsZQlCgr6/q+vjyZhFgqedLfFBuI9anTPEUT4APq9Mu0SZBTzIcGQ=="
    },
    "@vueuse/core": {
      "version": "7.1.2",
      "resolved": "https://registry.npmmirror.com/@vueuse/core/download/@vueuse/core-7.1.2.tgz",
      "integrity": "sha512-SLoOPfhZdNRNUkZfx+wrHj6WycWdSw2RmNS8E4ngQ2kmBoJjRarGy51/GkGdjqHQqmhuwuFoNO2WaU0yBn3ffg==",
      "requires": {
        "@vueuse/shared": "7.1.2",
        "vue-demi": "*"
      }
    },
    "@vueuse/shared": {
      "version": "7.1.2",
      "resolved": "https://registry.npmmirror.com/@vueuse/shared/download/@vueuse/shared-7.1.2.tgz",
      "integrity": "sha512-AjYh4y9S5FMOoHDsysqcXY/1mpqNTrnWUD50yaaiyf+5kGWQVIpAkkjKZlYSC/NHKxxCRn0cLR4nWMzceUWewQ==",
      "requires": {
        "vue-demi": "*"
      },
      "dependencies": {
        "vue-demi": {
          "version": "0.12.1",
          "resolved": "https://registry.npmmirror.com/vue-demi/download/vue-demi-0.12.1.tgz",
          "integrity": "sha512-QL3ny+wX8c6Xm1/EZylbgzdoDolye+VpCXRhI2hug9dJTP3OUJ3lmiKN3CsVV3mOJKwFi0nsstbgob0vG7aoIw==",
          "requires": {}
        }
      }
    },
    "async-validator": {
      "version": "4.0.7",
      "resolved": "https://registry.npmmirror.com/async-validator/download/async-validator-4.0.7.tgz?cache=0&sync_timestamp=1634529502627&other_urls=https%3A%2F%2Fregistry.npmmirror.com%2Fasync-validator%2Fdownload%2Fasync-validator-4.0.7.tgz",
      "integrity": "sha512-Pj2IR7u8hmUEDOwB++su6baaRi+QvsgajuFB9j95foM1N2gy5HM4z60hfusIO0fBPG5uLAEl6yCJr1jNSVugEQ=="
    },
    "dayjs": {
      "version": "1.10.7",
      "resolved": "https://registry.npmmirror.com/dayjs/download/dayjs-1.10.7.tgz?cache=0&sync_timestamp=1632754559701&other_urls=https%3A%2F%2Fregistry.npmmirror.com%2Fdayjs%2Fdownload%2Fdayjs-1.10.7.tgz",
      "integrity": "sha512-P6twpd70BcPK34K26uJ1KT3wlhpuOAPoMwJzpsIWUxHZ7wpmbdZL/hQqBDfz7hGurYSa5PhzdhDHtt319hL3ig=="
    },
    "echarts": {
      "version": "5.2.2",
      "resolved": "https://registry.npmjs.org/echarts/-/echarts-5.2.2.tgz",
      "integrity": "sha512-yxuBfeIH5c+0FsoRP60w4De6omXhA06c7eUYBsC1ykB6Ys2yK5fSteIYWvkJ4xJVLQgCvAdO8C4mN6MLeJpBaw==",
      "requires": {
        "tslib": "2.3.0",
        "zrender": "5.2.1"
      }
    },
    "element-plus": {
      "version": "1.2.0-beta.4",
      "resolved": "https://registry.npmmirror.com/element-plus/download/element-plus-1.2.0-beta.4.tgz",
      "integrity": "sha512-wYOwa/Zop5xMqhqkS7jOd32FF0Y2IpquIu8JLMbmvwlWvRUVetE5RO5lvxiF6etZgq8urRVttisXnOzJ9YOItQ==",
      "requires": {
        "@element-plus/icons": "^0.0.11",
        "@popperjs/core": "^2.10.2",
        "@vueuse/core": "^7.0.0",
        "async-validator": "^4.0.7",
        "dayjs": "^1.10.7",
        "lodash": "^4.17.21",
        "memoize-one": "^6.0.0",
        "normalize-wheel-es": "^1.1.1"
      }
    },
    "lodash": {
      "version": "4.17.21",
      "resolved": "https://registry.npmmirror.com/lodash/download/lodash-4.17.21.tgz",
      "integrity": "sha512-v2kDEe57lecTulaDIuNTPy3Ry4gLGJ6Z1O3vE1krgXZNrsQ+LFTGHVxVjcXPs17LhbZVGedAJv8XZ1tvj5FvSg=="
    },
    "memoize-one": {
      "version": "6.0.0",
      "resolved": "https://registry.npmmirror.com/memoize-one/download/memoize-one-6.0.0.tgz?cache=0&sync_timestamp=1634697208428&other_urls=https%3A%2F%2Fregistry.npmmirror.com%2Fmemoize-one%2Fdownload%2Fmemoize-one-6.0.0.tgz",
      "integrity": "sha512-rkpe71W0N0c0Xz6QD0eJETuWAJGnJ9afsl1srmwPrI+yBCkge5EycXXbYRyvL29zZVUWQCY7InPRCv3GDXuZNw=="
    },
    "moment": {
      "version": "2.29.1",
      "resolved": "https://registry.npmjs.org/moment/-/moment-2.29.1.tgz",
      "integrity": "sha512-kHmoybcPV8Sqy59DwNDY3Jefr64lK/by/da0ViFcuA4DH0vQg5Q6Ze5VimxkfQNSC+Mls/Kx53s7TjP1RhFEDQ=="
    },
    "normalize-wheel-es": {
      "version": "1.1.1",
      "resolved": "https://registry.npmmirror.com/normalize-wheel-es/download/normalize-wheel-es-1.1.1.tgz",
      "integrity": "sha512-157VNH4CngrcsvF8xOVOe22cwniIR3nxSltdctvQeHZj8JttEeOXffK28jucWfWBXs0QNetAumjc1GiInnwX4w=="
    },
    "tslib": {
      "version": "2.3.0",
      "resolved": "https://registry.npmjs.org/tslib/-/tslib-2.3.0.tgz",
      "integrity": "sha512-N82ooyxVNm6h1riLCoyS9e3fuJ3AMG2zIZs2Gd1ATcSFjSA23Q0fzjjZeh0jbJvWVDZ0cJT8yaNNaaXHzueNjg=="
    },
    "vue-demi": {
      "version": "0.12.1",
      "resolved": "https://registry.npmmirror.com/vue-demi/download/vue-demi-0.12.1.tgz",
      "integrity": "sha512-QL3ny+wX8c6Xm1/EZylbgzdoDolye+VpCXRhI2hug9dJTP3OUJ3lmiKN3CsVV3mOJKwFi0nsstbgob0vG7aoIw==",
      "requires": {}
    },
    "zrender": {
      "version": "5.2.1",
      "resolved": "https://registry.npmjs.org/zrender/-/zrender-5.2.1.tgz",
      "integrity": "sha512-M3bPGZuyLTNBC6LiNKXJwSCtglMp8XUEqEBG+2MdICDI3d1s500Y4P0CzldQGsqpRVB7fkvf3BKQQRxsEaTlsw==",
      "requires": {
        "tslib": "2.3.0"
      }
    }
  }
}
